
Microsoft Visual Studio Solution File, Format Version 12.00
# Visual Studio Version 17
VisualStudioVersion = 17.5.33530.505
MinimumVisualStudioVersion = 10.0.40219.1
Project("{FAE04EC0-301F-11D3-BF4B-00C04F79EFBC}") = "Tutorial 2qu-3", "Tutorial 2qu-3\Tutorial 2qu-3.csproj", "{BC2100D5-249C-4C14-A505-A0C3C13FBF5C}"
EndProject
Global
	GlobalSection(SolutionConfigurationPlatforms) = preSolution
		Debug|Any CPU = Debug|Any CPU
		Release|Any CPU = Release|Any CPU
	EndGlobalSection
	GlobalSection(ProjectConfigurationPlatforms) = postSolution
		{BC2100D5-249C-4C14-A505-A0C3C13FBF5C}.Debug|Any CPU.ActiveCfg = Debug|Any CPU
		{BC2100D5-249C-4C14-A505-A0C3C13FBF5C}.Debug|Any CPU.Build.0 = Debug|Any CPU
		{BC2100D5-249C-4C14-A505-A0C3C13FBF5C}.Release|Any CPU.ActiveCfg = Release|Any CPU
		{BC2100D5-249C-4C14-A505-A0C3C13FBF5C}.Release|Any CPU.Build.0 = Release|Any CPU
	EndGlobalSection
	GlobalSection(SolutionProperties) = preSolution
		HideSolutionNode = FALSE
	EndGlobalSection
	GlobalSection(ExtensibilityGlobals) = postSolution
		SolutionGuid = {881BFB48-B900-4539-918D-84DF8A722F01}
	EndGlobalSection
EndGlobal
