
Microsoft Visual Studio Solution File, Format Version 12.00
# Visual Studio Version 17
VisualStudioVersion = 17.5.33530.505
MinimumVisualStudioVersion = 10.0.40219.1
Project("{FAE04EC0-301F-11D3-BF4B-00C04F79EFBC}") = "Tutorial 5qu-1", "Tutorial 5qu-1\Tutorial 5qu-1.csproj", "{B907B95A-7FB5-4C26-A6AF-55CE58F60BD7}"
EndProject
Global
	GlobalSection(SolutionConfigurationPlatforms) = preSolution
		Debug|Any CPU = Debug|Any CPU
		Release|Any CPU = Release|Any CPU
	EndGlobalSection
	GlobalSection(ProjectConfigurationPlatforms) = postSolution
		{B907B95A-7FB5-4C26-A6AF-55CE58F60BD7}.Debug|Any CPU.ActiveCfg = Debug|Any CPU
		{B907B95A-7FB5-4C26-A6AF-55CE58F60BD7}.Debug|Any CPU.Build.0 = Debug|Any CPU
		{B907B95A-7FB5-4C26-A6AF-55CE58F60BD7}.Release|Any CPU.ActiveCfg = Release|Any CPU
		{B907B95A-7FB5-4C26-A6AF-55CE58F60BD7}.Release|Any CPU.Build.0 = Release|Any CPU
	EndGlobalSection
	GlobalSection(SolutionProperties) = preSolution
		HideSolutionNode = FALSE
	EndGlobalSection
	GlobalSection(ExtensibilityGlobals) = postSolution
		SolutionGuid = {D1630C9F-9C62-4B62-B2F1-02E02C590711}
	EndGlobalSection
EndGlobal
