
Microsoft Visual Studio Solution File, Format Version 12.00
# Visual Studio Version 17
VisualStudioVersion = 17.5.33530.505
MinimumVisualStudioVersion = 10.0.40219.1
Project("{FAE04EC0-301F-11D3-BF4B-00C04F79EFBC}") = "Tutorial 4qu-3", "Tutorial 4qu-3\Tutorial 4qu-3.csproj", "{B443E018-D9F1-430B-B170-59D5235A33DF}"
EndProject
Global
	GlobalSection(SolutionConfigurationPlatforms) = preSolution
		Debug|Any CPU = Debug|Any CPU
		Release|Any CPU = Release|Any CPU
	EndGlobalSection
	GlobalSection(ProjectConfigurationPlatforms) = postSolution
		{B443E018-D9F1-430B-B170-59D5235A33DF}.Debug|Any CPU.ActiveCfg = Debug|Any CPU
		{B443E018-D9F1-430B-B170-59D5235A33DF}.Debug|Any CPU.Build.0 = Debug|Any CPU
		{B443E018-D9F1-430B-B170-59D5235A33DF}.Release|Any CPU.ActiveCfg = Release|Any CPU
		{B443E018-D9F1-430B-B170-59D5235A33DF}.Release|Any CPU.Build.0 = Release|Any CPU
	EndGlobalSection
	GlobalSection(SolutionProperties) = preSolution
		HideSolutionNode = FALSE
	EndGlobalSection
	GlobalSection(ExtensibilityGlobals) = postSolution
		SolutionGuid = {A5C5495B-0B3F-4E3A-A697-A5D9F600E191}
	EndGlobalSection
EndGlobal
