
Microsoft Visual Studio Solution File, Format Version 12.00
# Visual Studio Version 17
VisualStudioVersion = 17.5.33530.505
MinimumVisualStudioVersion = 10.0.40219.1
Project("{FAE04EC0-301F-11D3-BF4B-00C04F79EFBC}") = "Tutorial 1qu-4", "Tutorial 1qu-4\Tutorial 1qu-4.csproj", "{BBC807E1-6355-43E6-BDB0-C272BF568D72}"
EndProject
Global
	GlobalSection(SolutionConfigurationPlatforms) = preSolution
		Debug|Any CPU = Debug|Any CPU
		Release|Any CPU = Release|Any CPU
	EndGlobalSection
	GlobalSection(ProjectConfigurationPlatforms) = postSolution
		{BBC807E1-6355-43E6-BDB0-C272BF568D72}.Debug|Any CPU.ActiveCfg = Debug|Any CPU
		{BBC807E1-6355-43E6-BDB0-C272BF568D72}.Debug|Any CPU.Build.0 = Debug|Any CPU
		{BBC807E1-6355-43E6-BDB0-C272BF568D72}.Release|Any CPU.ActiveCfg = Release|Any CPU
		{BBC807E1-6355-43E6-BDB0-C272BF568D72}.Release|Any CPU.Build.0 = Release|Any CPU
	EndGlobalSection
	GlobalSection(SolutionProperties) = preSolution
		HideSolutionNode = FALSE
	EndGlobalSection
	GlobalSection(ExtensibilityGlobals) = postSolution
		SolutionGuid = {4ACE5F05-DB54-48E7-A014-AF63631FF287}
	EndGlobalSection
EndGlobal
